
Microsoft Visual Studio Solution File, Format Version 12.00
# Visual Studio Version 17
VisualStudioVersion = 17.2.32630.192
MinimumVisualStudioVersion = 10.0.40219.1
Project("{FAE04EC0-301F-11D3-BF4B-00C04F79EFBC}") = "OpenCLforNetSample", "OpenCLforNetSample\OpenCLforNetSample.csproj", "{249EFCDC-67F8-4C10-8FE4-D09BCA6BDD12}"
EndProject
Project("{9A19103F-16F7-4668-BE54-9A1E7A4F7556}") = "OpenCLforNet", "OpenCLforNet\OpenCLforNet.csproj", "{A114684B-8338-43B8-A042-A4FBB9250F92}"
EndProject
Global
	GlobalSection(SolutionConfigurationPlatforms) = preSolution
		Debug|Any CPU = Debug|Any CPU
		Debug|x64 = Debug|x64
		Release|Any CPU = Release|Any CPU
		Release|x64 = Release|x64
	EndGlobalSection
	GlobalSection(ProjectConfigurationPlatforms) = postSolution
		{249EFCDC-67F8-4C10-8FE4-D09BCA6BDD12}.Debug|Any CPU.ActiveCfg = Debug|Any CPU
		{249EFCDC-67F8-4C10-8FE4-D09BCA6BDD12}.Debug|Any CPU.Build.0 = Debug|Any CPU
		{249EFCDC-67F8-4C10-8FE4-D09BCA6BDD12}.Debug|x64.ActiveCfg = Debug|x64
		{249EFCDC-67F8-4C10-8FE4-D09BCA6BDD12}.Debug|x64.Build.0 = Debug|x64
		{249EFCDC-67F8-4C10-8FE4-D09BCA6BDD12}.Release|Any CPU.ActiveCfg = Release|Any CPU
		{249EFCDC-67F8-4C10-8FE4-D09BCA6BDD12}.Release|Any CPU.Build.0 = Release|Any CPU
		{249EFCDC-67F8-4C10-8FE4-D09BCA6BDD12}.Release|x64.ActiveCfg = Release|x64
		{249EFCDC-67F8-4C10-8FE4-D09BCA6BDD12}.Release|x64.Build.0 = Release|x64
		{A114684B-8338-43B8-A042-A4FBB9250F92}.Debug|Any CPU.ActiveCfg = Debug|Any CPU
		{A114684B-8338-43B8-A042-A4FBB9250F92}.Debug|Any CPU.Build.0 = Debug|Any CPU
		{A114684B-8338-43B8-A042-A4FBB9250F92}.Debug|x64.ActiveCfg = Debug|x64
		{A114684B-8338-43B8-A042-A4FBB9250F92}.Debug|x64.Build.0 = Debug|x64
		{A114684B-8338-43B8-A042-A4FBB9250F92}.Release|Any CPU.ActiveCfg = Release|Any CPU
		{A114684B-8338-43B8-A042-A4FBB9250F92}.Release|Any CPU.Build.0 = Release|Any CPU
		{A114684B-8338-43B8-A042-A4FBB9250F92}.Release|x64.ActiveCfg = Release|x64
		{A114684B-8338-43B8-A042-A4FBB9250F92}.Release|x64.Build.0 = Release|x64
	EndGlobalSection
	GlobalSection(SolutionProperties) = preSolution
		HideSolutionNode = FALSE
	EndGlobalSection
	GlobalSection(ExtensibilityGlobals) = postSolution
		SolutionGuid = {A389E1F6-4D86-4604-AE6C-DC1F16042369}
	EndGlobalSection
EndGlobal
